// !$*UTF8*$!
{
	archiveVersion = 1;
	classes = {
	};
	objectVersion = 46;
	objects = {

/* Begin PBXBuildFile section */
		0E3850171DA7B6EB00BD07C7 /* mpoi.cpp in Sources */ = {isa = PBXBuildFile; fileRef = 0E3850151DA7B6EB00BD07C7 /* mpoi.cpp */; };
		0E453BF91D957AE000859597 /* cagd.cpp in Sources */ = {isa = PBXBuildFile; fileRef = 0E453BF51D957AE000859597 /* cagd.cpp */; };
		0E453BFB1D957AE000859597 /* test.cpp in Sources */ = {isa = PBXBuildFile; fileRef = 0E453BF81D957AE000859597 /* test.cpp */; };
		0E453BFD1D957B0400859597 /* Accelerate.framework in Frameworks */ = {isa = PBXBuildFile; fileRef = 0E453BFC1D957B0400859597 /* Accelerate.framework */; };
		0E453BFF1D957B1A00859597 /* OpenCL.framework in Frameworks */ = {isa = PBXBuildFile; fileRef = 0E453BFE1D957B1A00859597 /* OpenCL.framework */; };
/* End PBXBuildFile section */

/* Begin PBXCopyFilesBuildPhase section */
		0E453BE91D957AB000859597 /* CopyFiles */ = {
			isa = PBXCopyFilesBuildPhase;
			buildActionMask = 2147483647;
			dstPath = /usr/share/man/man1/;
			dstSubfolderSpec = 0;
			files = (
			);
			runOnlyForDeploymentPostprocessing = 1;
		};
/* End PBXCopyFilesBuildPhase section */

/* Begin PBXFileReference section */
		0E3850151DA7B6EB00BD07C7 /* mpoi.cpp */ = {isa = PBXFileReference; fileEncoding = 4; lastKnownFileType = sourcecode.cpp.cpp; name = mpoi.cpp; path = ../../mpoi/mpoi.cpp; sourceTree = "<group>"; };
		0E3850161DA7B6EB00BD07C7 /* mpoi.h */ = {isa = PBXFileReference; fileEncoding = 4; lastKnownFileType = sourcecode.c.h; name = mpoi.h; path = ../../mpoi/mpoi.h; sourceTree = "<group>"; };
		0E453BEB1D957AB000859597 /* cagd_test */ = {isa = PBXFileReference; explicitFileType = "compiled.mach-o.executable"; includeInIndex = 0; path = cagd_test; sourceTree = BUILT_PRODUCTS_DIR; };
		0E453BF51D957AE000859597 /* cagd.cpp */ = {isa = PBXFileReference; fileEncoding = 4; lastKnownFileType = sourcecode.cpp.cpp; name = cagd.cpp; path = ../../cagd.cpp; sourceTree = "<group>"; };
		0E453BF61D957AE000859597 /* cagd.h */ = {isa = PBXFileReference; fileEncoding = 4; lastKnownFileType = sourcecode.c.h; name = cagd.h; path = ../../cagd.h; sourceTree = "<group>"; };
		0E453BF81D957AE000859597 /* test.cpp */ = {isa = PBXFileReference; fileEncoding = 4; lastKnownFileType = sourcecode.cpp.cpp; name = test.cpp; path = ../../test.cpp; sourceTree = "<group>"; };
		0E453BFC1D957B0400859597 /* Accelerate.framework */ = {isa = PBXFileReference; lastKnownFileType = wrapper.framework; name = Accelerate.framework; path = ../../../../../../../System/Library/Frameworks/Accelerate.framework; sourceTree = "<group>"; };
		0E453BFE1D957B1A00859597 /* OpenCL.framework */ = {isa = PBXFileReference; lastKnownFileType = wrapper.framework; name = OpenCL.framework; path = ../../../../../../../System/Library/Frameworks/OpenCL.framework; sourceTree = "<group>"; };
/* End PBXFileReference section */

/* Begin PBXFrameworksBuildPhase section */
		0E453BE81D957AB000859597 /* Frameworks */ = {
			isa = PBXFrameworksBuildPhase;
			buildActionMask = 2147483647;
			files = (
				0E453BFD1D957B0400859597 /* Accelerate.framework in Frameworks */,
				0E453BFF1D957B1A00859597 /* OpenCL.framework in Frameworks */,
			);
			runOnlyForDeploymentPostprocessing = 0;
		};
/* End PBXFrameworksBuildPhase section */

/* Begin PBXGroup section */
		0E3850141DA7B6DE00BD07C7 /* mpoi */ = {
			isa = PBXGroup;
			children = (
				0E3850151DA7B6EB00BD07C7 /* mpoi.cpp */,
				0E3850161DA7B6EB00BD07C7 /* mpoi.h */,
			);
			name = mpoi;
			sourceTree = "<group>";
		};
		0E453BE21D957AB000859597 = {
			isa = PBXGroup;
			children = (
				0E453BFE1D957B1A00859597 /* OpenCL.framework */,
				0E453BFC1D957B0400859597 /* Accelerate.framework */,
				0E3850141DA7B6DE00BD07C7 /* mpoi */,
				0E453BED1D957AB000859597 /* cagd_test */,
				0E453BEC1D957AB000859597 /* Products */,
			);
			sourceTree = "<group>";
		};
		0E453BEC1D957AB000859597 /* Products */ = {
			isa = PBXGroup;
			children = (
				0E453BEB1D957AB000859597 /* cagd_test */,
			);
			name = Products;
			sourceTree = "<group>";
		};
		0E453BED1D957AB000859597 /* cagd_test */ = {
			isa = PBXGroup;
			children = (
				0E453BF51D957AE000859597 /* cagd.cpp */,
				0E453BF61D957AE000859597 /* cagd.h */,
				0E453BF81D957AE000859597 /* test.cpp */,
			);
			path = cagd_test;
			sourceTree = "<group>";
		};
/* End PBXGroup section */

/* Begin PBXNativeTarget section */
		0E453BEA1D957AB000859597 /* cagd_test */ = {
			isa = PBXNativeTarget;
			buildConfigurationList = 0E453BF21D957AB000859597 /* Build configuration list for PBXNativeTarget "cagd_test" */;
			buildPhases = (
				0E453BE71D957AB000859597 /* Sources */,
				0E453BE81D957AB000859597 /* Frameworks */,
				0E453BE91D957AB000859597 /* CopyFiles */,
			);
			buildRules = (
			);
			dependencies = (
			);
			name = cagd_test;
			productName = cagd_test;
			productReference = 0E453BEB1D957AB000859597 /* cagd_test */;
			productType = "com.apple.product-type.tool";
		};
/* End PBXNativeTarget section */

/* Begin PBXProject section */
		0E453BE31D957AB000859597 /* Project object */ = {
			isa = PBXProject;
			attributes = {
				LastUpgradeCheck = 0800;
				ORGANIZATIONNAME = Teaeles;
				TargetAttributes = {
					0E453BEA1D957AB000859597 = {
						CreatedOnToolsVersion = 8.0;
						ProvisioningStyle = Automatic;
					};
				};
			};
			buildConfigurationList = 0E453BE61D957AB000859597 /* Build configuration list for PBXProject "cagd_test" */;
			compatibilityVersion = "Xcode 3.2";
			developmentRegion = English;
			hasScannedForEncodings = 0;
			knownRegions = (
				en,
			);
			mainGroup = 0E453BE21D957AB000859597;
			productRefGroup = 0E453BEC1D957AB000859597 /* Products */;
			projectDirPath = "";
			projectRoot = "";
			targets = (
				0E453BEA1D957AB000859597 /* cagd_test */,
			);
		};
/* End PBXProject section */

/* Begin PBXSourcesBuildPhase section */
		0E453BE71D957AB000859597 /* Sources */ = {
			isa = PBXSourcesBuildPhase;
			buildActionMask = 2147483647;
			files = (
				0E453BF91D957AE000859597 /* cagd.cpp in Sources */,
				0E453BFB1D957AE000859597 /* test.cpp in Sources */,
				0E3850171DA7B6EB00BD07C7 /* mpoi.cpp in Sources */,
			);
			runOnlyForDeploymentPostprocessing = 0;
		};
/* End PBXSourcesBuildPhase section */

/* Begin XCBuildConfiguration section */
		0E453BF01D957AB000859597 /* Debug */ = {
			isa = XCBuildConfiguration;
			buildSettings = {
				ALWAYS_SEARCH_USER_PATHS = NO;
				CLANG_ANALYZER_NONNULL = YES;
				CLANG_CXX_LANGUAGE_STANDARD = "gnu++0x";
				CLANG_CXX_LIBRARY = "libc++";
				CLANG_ENABLE_MODULES = YES;
				CLANG_ENABLE_OBJC_ARC = YES;
				CLANG_WARN_BOOL_CONVERSION = YES;
				CLANG_WARN_CONSTANT_CONVERSION = YES;
				CLANG_WARN_DIRECT_OBJC_ISA_USAGE = YES_ERROR;
				CLANG_WARN_DOCUMENTATION_COMMENTS = YES;
				CLANG_WARN_EMPTY_BODY = YES;
				CLANG_WARN_ENUM_CONVERSION = YES;
				CLANG_WARN_INFINITE_RECURSION = YES;
				CLANG_WARN_INT_CONVERSION = YES;
				CLANG_WARN_OBJC_ROOT_CLASS = YES_ERROR;
				CLANG_WARN_SUSPICIOUS_MOVES = YES;
				CLANG_WARN_UNREACHABLE_CODE = YES;
				CLANG_WARN__DUPLICATE_METHOD_MATCH = YES;
				CODE_SIGN_IDENTITY = "-";
				COPY_PHASE_STRIP = NO;
				DEBUG_INFORMATION_FORMAT = dwarf;
				ENABLE_STRICT_OBJC_MSGSEND = YES;
				ENABLE_TESTABILITY = YES;
				GCC_C_LANGUAGE_STANDARD = gnu99;
				GCC_DYNAMIC_NO_PIC = NO;
				GCC_NO_COMMON_BLOCKS = YES;
				GCC_OPTIMIZATION_LEVEL = 0;
				GCC_PREPROCESSOR_DEFINITIONS = (
					"DEBUG=1",
					"$(inherited)",
				);
				GCC_WARN_64_TO_32_BIT_CONVERSION = YES;
				GCC_WARN_ABOUT_RETURN_TYPE = YES_ERROR;
				GCC_WARN_UNDECLARED_SELECTOR = YES;
				GCC_WARN_UNINITIALIZED_AUTOS = YES_AGGRESSIVE;
				GCC_WARN_UNUSED_FUNCTION = YES;
				GCC_WARN_UNUSED_VARIABLE = YES;
				MACOSX_DEPLOYMENT_TARGET = 10.12;
				MTL_ENABLE_DEBUG_INFO = YES;
				ONLY_ACTIVE_ARCH = YES;
				SDKROOT = macosx;
			};
			name = Debug;
		};
		0E453BF11D957AB000859597 /* Release */ = {
			isa = XCBuildConfiguration;
			buildSettings = {
				ALWAYS_SEARCH_USER_PATHS = NO;
				CLANG_ANALYZER_NONNULL = YES;
				CLANG_CXX_LANGUAGE_STANDARD = "gnu++0x";
				CLANG_CXX_LIBRARY = "libc++";
				CLANG_ENABLE_MODULES = YES;
				CLANG_ENABLE_OBJC_ARC = YES;
				CLANG_WARN_BOOL_CONVERSION = YES;
				CLANG_WARN_CONSTANT_CONVERSION = YES;
				CLANG_WARN_DIRECT_OBJC_ISA_USAGE = YES_ERROR;
				CLANG_WARN_DOCUMENTATION_COMMENTS = YES;
				CLANG_WARN_EMPTY_BODY = YES;
				CLANG_WARN_ENUM_CONVERSION = YES;
				CLANG_WARN_INFINITE_RECURSION = YES;
				CLANG_WARN_INT_CONVERSION = YES;
				CLANG_WARN_OBJC_ROOT_CLASS = YES_ERROR;
				CLANG_WARN_SUSPICIOUS_MOVES = YES;
				CLANG_WARN_UNREACHABLE_CODE = YES;
				CLANG_WARN__DUPLICATE_METHOD_MATCH = YES;
				CODE_SIGN_IDENTITY = "-";
				COPY_PHASE_STRIP = NO;
				DEBUG_INFORMATION_FORMAT = "dwarf-with-dsym";
				ENABLE_NS_ASSERTIONS = NO;
				ENABLE_STRICT_OBJC_MSGSEND = YES;
				GCC_C_LANGUAGE_STANDARD = gnu99;
				GCC_NO_COMMON_BLOCKS = YES;
				GCC_WARN_64_TO_32_BIT_CONVERSION = YES;
				GCC_WARN_ABOUT_RETURN_TYPE = YES_ERROR;
				GCC_WARN_UNDECLARED_SELECTOR = YES;
				GCC_WARN_UNINITIALIZED_AUTOS = YES_AGGRESSIVE;
				GCC_WARN_UNUSED_FUNCTION = YES;
				GCC_WARN_UNUSED_VARIABLE = YES;
				MACOSX_DEPLOYMENT_TARGET = 10.12;
				MTL_ENABLE_DEBUG_INFO = NO;
				SDKROOT = macosx;
			};
			name = Release;
		};
		0E453BF31D957AB000859597 /* Debug */ = {
			isa = XCBuildConfiguration;
			buildSettings = {
				PRODUCT_NAME = "$(TARGET_NAME)";
				USER_HEADER_SEARCH_PATHS = ../../mpoi/;
			};
			name = Debug;
		};
		0E453BF41D957AB000859597 /* Release */ = {
			isa = XCBuildConfiguration;
			buildSettings = {
				PRODUCT_NAME = "$(TARGET_NAME)";
				USER_HEADER_SEARCH_PATHS = ../../mpoi/;
			};
			name = Release;
		};
/* End XCBuildConfiguration section */

/* Begin XCConfigurationList section */
		0E453BE61D957AB000859597 /* Build configuration list for PBXProject "cagd_test" */ = {
			isa = XCConfigurationList;
			buildConfigurations = (
				0E453BF01D957AB000859597 /* Debug */,
				0E453BF11D957AB000859597 /* Release */,
			);
			defaultConfigurationIsVisible = 0;
			defaultConfigurationName = Release;
		};
		0E453BF21D957AB000859597 /* Build configuration list for PBXNativeTarget "cagd_test" */ = {
			isa = XCConfigurationList;
			buildConfigurations = (
				0E453BF31D957AB000859597 /* Debug */,
				0E453BF41D957AB000859597 /* Release */,
			);
			defaultConfigurationIsVisible = 0;
			defaultConfigurationName = Release;
		};
/* End XCConfigurationList section */
	};
	rootObject = 0E453BE31D957AB000859597 /* Project object */;
}
